dependencies:
- name: kong
  repository: https://charts.konghq.com
  version: 2.23.0
- name: loki-stack
  repository: https://grafana.github.io/helm-charts
  version: 2.9.10
digest: sha256:25f36cf6bfaddd96613dda068ecd8ffc82a026ee17a079ecc21e4c1ce8f3be1d
generated: "2023-07-05T12:43:46.289217745+05:30"
