dependencies:
- name: kong
  repository: https://charts.konghq.com
  version: 2.23.0
- name: grafana
  repository: https://grafana.github.io/helm-charts
  version: 6.57.3
digest: sha256:6c4c97a199c82b7714b100113bb46dad910a1dd01036d5c9c056cec195ece1f6
generated: "2023-06-26T21:01:56.341100264+05:30"
